
Microsoft Visual Studio Solution File, Format Version 12.00
# Visual Studio Version 17
VisualStudioVersion = 17.8.34601.278
MinimumVisualStudioVersion = 10.0.40219.1
Project("{2150E333-8FDC-42A3-9474-1A3956D46DE8}") = "src", "src", "{D0B33C75-03D1-4A33-990F-28A1F2943015}"
EndProject
Project("{9A19103F-16F7-4668-BE54-9A1E7A4F7556}") = "Store.Cart.Api", "src\Store.Cart.Api.csproj", "{92308091-A7DF-4F6C-A42A-8F2E13AF423A}"
EndProject
Global
	GlobalSection(SolutionConfigurationPlatforms) = preSolution
		Debug|Any CPU = Debug|Any CPU
		Release|Any CPU = Release|Any CPU
	EndGlobalSection
	GlobalSection(ProjectConfigurationPlatforms) = postSolution
		{92308091-A7DF-4F6C-A42A-8F2E13AF423A}.Debug|Any CPU.ActiveCfg = Debug|Any CPU
		{92308091-A7DF-4F6C-A42A-8F2E13AF423A}.Debug|Any CPU.Build.0 = Debug|Any CPU
		{92308091-A7DF-4F6C-A42A-8F2E13AF423A}.Release|Any CPU.ActiveCfg = Release|Any CPU
		{92308091-A7DF-4F6C-A42A-8F2E13AF423A}.Release|Any CPU.Build.0 = Release|Any CPU
	EndGlobalSection
	GlobalSection(SolutionProperties) = preSolution
		HideSolutionNode = FALSE
	EndGlobalSection
	GlobalSection(NestedProjects) = preSolution
		{92308091-A7DF-4F6C-A42A-8F2E13AF423A} = {D0B33C75-03D1-4A33-990F-28A1F2943015}
	EndGlobalSection
	GlobalSection(ExtensibilityGlobals) = postSolution
		SolutionGuid = {EAA80DB7-DB5F-441A-8591-F7E885BBD0AC}
	EndGlobalSection
EndGlobal
